
Microsoft Visual Studio Solution File, Format Version 12.00
# Visual Studio Version 16
VisualStudioVersion = 16.0.30309.148
MinimumVisualStudioVersion = 10.0.40219.1
Project("{FAE04EC0-301F-11D3-BF4B-00C04F79EFBC}") = "CD_Backend", "CD_Backend\CD_Backend.csproj", "{C7DDFE79-5EB1-4694-9DA4-E820E26DEB95}"
EndProject
Global
	GlobalSection(SolutionConfigurationPlatforms) = preSolution
		Debug|Any CPU = Debug|Any CPU
		Release|Any CPU = Release|Any CPU
	EndGlobalSection
	GlobalSection(ProjectConfigurationPlatforms) = postSolution
		{C7DDFE79-5EB1-4694-9DA4-E820E26DEB95}.Debug|Any CPU.ActiveCfg = Debug|Any CPU
		{C7DDFE79-5EB1-4694-9DA4-E820E26DEB95}.Debug|Any CPU.Build.0 = Debug|Any CPU
		{C7DDFE79-5EB1-4694-9DA4-E820E26DEB95}.Release|Any CPU.ActiveCfg = Release|Any CPU
		{C7DDFE79-5EB1-4694-9DA4-E820E26DEB95}.Release|Any CPU.Build.0 = Release|Any CPU
	EndGlobalSection
	GlobalSection(SolutionProperties) = preSolution
		HideSolutionNode = FALSE
	EndGlobalSection
	GlobalSection(ExtensibilityGlobals) = postSolution
		SolutionGuid = {5AA37CC4-3386-4A8E-BE77-382A75F41277}
	EndGlobalSection
EndGlobal
